
Microsoft Visual Studio Solution File, Format Version 12.00
# Visual Studio Version 16
VisualStudioVersion = 16.0.30717.126
MinimumVisualStudioVersion = 10.0.40219.1
Project("{FAE04EC0-301F-11D3-BF4B-00C04F79EFBC}") = "powershellBlazor", "powershellBlazor\powershellBlazor.csproj", "{D62B876C-A22D-4426-A1E0-D42266EF66D6}"
EndProject
Global
	GlobalSection(SolutionConfigurationPlatforms) = preSolution
		Debug|Any CPU = Debug|Any CPU
		Release|Any CPU = Release|Any CPU
	EndGlobalSection
	GlobalSection(ProjectConfigurationPlatforms) = postSolution
		{D62B876C-A22D-4426-A1E0-D42266EF66D6}.Debug|Any CPU.ActiveCfg = Debug|Any CPU
		{D62B876C-A22D-4426-A1E0-D42266EF66D6}.Debug|Any CPU.Build.0 = Debug|Any CPU
		{D62B876C-A22D-4426-A1E0-D42266EF66D6}.Release|Any CPU.ActiveCfg = Release|Any CPU
		{D62B876C-A22D-4426-A1E0-D42266EF66D6}.Release|Any CPU.Build.0 = Release|Any CPU
	EndGlobalSection
	GlobalSection(SolutionProperties) = preSolution
		HideSolutionNode = FALSE
	EndGlobalSection
	GlobalSection(ExtensibilityGlobals) = postSolution
		SolutionGuid = {3B9DA161-7916-459E-B3D2-48889F6DB5DB}
	EndGlobalSection
EndGlobal
